
Microsoft Visual Studio Solution File, Format Version 12.00
# Visual Studio Version 17
VisualStudioVersion = 17.14.36203.30 d17.14
MinimumVisualStudioVersion = 10.0.40219.1
Project("{FAE04EC0-301F-11D3-BF4B-00C04F79EFBC}") = "ItemManagementSystem", "ItemManagementSystem\ItemManagementSystem.csproj", "{F6FFA8FD-C411-4F6A-B266-0E1EC3FAA9CD}"
EndProject
Global
	GlobalSection(SolutionConfigurationPlatforms) = preSolution
		Debug|Any CPU = Debug|Any CPU
		Release|Any CPU = Release|Any CPU
	EndGlobalSection
	GlobalSection(ProjectConfigurationPlatforms) = postSolution
		{F6FFA8FD-C411-4F6A-B266-0E1EC3FAA9CD}.Debug|Any CPU.ActiveCfg = Debug|Any CPU
		{F6FFA8FD-C411-4F6A-B266-0E1EC3FAA9CD}.Debug|Any CPU.Build.0 = Debug|Any CPU
		{F6FFA8FD-C411-4F6A-B266-0E1EC3FAA9CD}.Release|Any CPU.ActiveCfg = Release|Any CPU
		{F6FFA8FD-C411-4F6A-B266-0E1EC3FAA9CD}.Release|Any CPU.Build.0 = Release|Any CPU
	EndGlobalSection
	GlobalSection(SolutionProperties) = preSolution
		HideSolutionNode = FALSE
	EndGlobalSection
	GlobalSection(ExtensibilityGlobals) = postSolution
		SolutionGuid = {D8457FD7-4F73-4AA2-8F31-01C43FC595FE}
	EndGlobalSection
EndGlobal
